{
    "_meta": {
        "hash": {
            "sha256": "b47b93939144bcf6bdd34d32c6c19f78b1391dac90cff2cbcd25b38729275f93"
        },
        "pipfile-spec": 6,
        "requires": {
            "python_version": "3.7"
        },
        "sources": [
            {
                "name": "pypi",
                "url": "https://pypi.org/simple",
                "verify_ssl": true
            }
        ]
    },
    "default": {
        "aiofiles": {
            "hashes": [
                "sha256:021ea0ba314a86027c166ecc4b4c07f2d40fc0f4b3a950d1868a0f2571c2bbee",
                "sha256:1e644c2573f953664368de28d2aa4c89dfd64550429d0c27c4680ccd3aa4985d"
            ],
            "version": "==0.4.0"
        },
        "atomicwrites": {
            "hashes": [
                "sha256:0312ad34fcad8fac3704d441f7b317e50af620823353ec657a53e981f92920c0",
                "sha256:ec9ae8adaae229e4f8446952d204a3e4b5fdd2d099f9be3aaf556120135fb3ee"
            ],
            "version": "==1.2.1"
        },
        "attrs": {
            "hashes": [
                "sha256:10cbf6e27dbce8c30807caf056c8eb50917e0eaafe86347671b57254006c3e69",
                "sha256:ca4be454458f9dec299268d472aaa5a11f67a4ff70093396e1ceae9c76cf4bbb"
            ],
            "version": "==18.2.0"
        },
        "gbulb": {
            "hashes": [
                "sha256:119bcf9961a976a8240fee667722b41a23603119b7a0037d03f95650de062fc2"
            ],
            "index": "pypi",
            "version": "==0.6.1"
        },
        "httptools": {
            "hashes": [
                "sha256:04c7703bbef0e8ca28b09811547352b8c7c20549eab70dc24e536bb24fd2b7c5"
            ],
            "version": "==0.0.11"
        },
        "more-itertools": {
            "hashes": [
                "sha256:c187a73da93e7a8acc0001572aebc7e3c69daf7bf6881a2cea10650bd4420092",
                "sha256:c476b5d3a34e12d40130bc2f935028b5f636df8f372dc2c1c01dc19681b2039e",
                "sha256:fcbfeaea0be121980e15bc97b3817b5202ca73d0eae185b4550cbfce2a3ebb3d"
            ],
            "version": "==4.3.0"
        },
        "multidict": {
            "hashes": [
                "sha256:05eeab69bf2b0664644c62bd92fabb045163e5b8d4376a31dfb52ce0210ced7b",
                "sha256:0c85880efa7cadb18e3b5eef0aa075dc9c0a3064cbbaef2e20be264b9cf47a64",
                "sha256:136f5a4a6a4adeacc4dc820b8b22f0a378fb74f326e259c54d1817639d1d40a0",
                "sha256:14906ad3347c7d03e9101749b16611cf2028547716d0840838d3c5e2b3b0f2d3",
                "sha256:1ade4a3b71b1bf9e90c5f3d034a87fe4949c087ef1f6cd727fdd766fe8bbd121",
                "sha256:22939a00a511a59f9ecc0158b8db728afef57975ce3782b3a265a319d05b9b12",
                "sha256:2b86b02d872bc5ba5b3a4530f6a7ba0b541458ab4f7c1429a12ac326231203f7",
                "sha256:3c11e92c3dfc321014e22fb442bc9eb70e01af30d6ce442026b0c35723448c66",
                "sha256:4ba3bd26f282b201fdbce351f1c5d17ceb224cbedb73d6e96e6ce391b354aacc",
                "sha256:4c6e78d042e93751f60672989efbd6a6bc54213ed7ff695fff82784bbb9ea035",
                "sha256:4d80d1901b89cc935a6cf5b9fd89df66565272722fe2e5473168927a9937e0ca",
                "sha256:4fcf71d33178a00cc34a57b29f5dab1734b9ce0f1c97fb34666deefac6f92037",
                "sha256:52f7670b41d4b4d97866ebc38121de8bcb9813128b7c4942b07794d08193c0ab",
                "sha256:5368e2b7649a26b7253c6c9e53241248aab9da49099442f5be238fde436f18c9",
                "sha256:5bb65fbb48999044938f0c0508e929b14a9b8bf4939d8263e9ea6691f7b54663",
                "sha256:60672bb5577472800fcca1ac9dae232d1461db9f20f055184be8ce54b0052572",
                "sha256:669e9be6d148fc0283f53e17dd140cde4dc7c87edac8319147edd5aa2a830771",
                "sha256:6a0b7a804e8d1716aa2c72e73210b48be83d25ba9ec5cf52cf91122285707bb1",
                "sha256:79034ea3da3cf2a815e3e52afdc1f6c1894468c98bdce5d2546fa2342585497f",
                "sha256:79247feeef6abcc11137ad17922e865052f23447152059402fc320f99ff544bb",
                "sha256:81671c2049e6bf42c7fd11a060f8bc58f58b7b3d6f3f951fc0b15e376a6a5a98",
                "sha256:82ac4a5cb56cc9280d4ae52c2d2ebcd6e0668dd0f9ef17f0a9d7c82bd61e24fa",
                "sha256:9436267dbbaa49dad18fbbb54f85386b0f5818d055e7b8e01d219661b6745279",
                "sha256:94e4140bb1343115a1afd6d84ebf8fca5fb7bfb50e1c2cbd6f2fb5d3117ef102",
                "sha256:a2cab366eae8a0ffe0813fd8e335cf0d6b9bb6c5227315f53bb457519b811537",
                "sha256:a596019c3eafb1b0ae07db9f55a08578b43c79adb1fe1ab1fd818430ae59ee6f",
                "sha256:e8848ae3cd6a784c29fae5055028bee9bffcc704d8bcad09bd46b42b44a833e2",
                "sha256:e8a048bfd7d5a280f27527d11449a509ddedf08b58a09a24314828631c099306",
                "sha256:f6dd28a0ac60e2426a6918f36f1b4e2620fc785a0de7654cd206ba842eee57fd"
            ],
            "version": "==4.4.2"
        },
        "pillow": {
            "hashes": [
                "sha256:00203f406818c3f45d47bb8fe7e67d3feddb8dcbbd45a289a1de7dd789226360",
                "sha256:0616f800f348664e694dddb0b0c88d26761dd5e9f34e1ed7b7a7d2da14b40cb7",
                "sha256:1f7908aab90c92ad85af9d2fec5fc79456a89b3adcc26314d2cde0e238bd789e",
                "sha256:2ea3517cd5779843de8a759c2349a3cd8d3893e03ab47053b66d5ec6f8bc4f93",
                "sha256:48a9f0538c91fc136b3a576bee0e7cd174773dc9920b310c21dcb5519722e82c",
                "sha256:5280ebc42641a1283b7b1f2c20e5b936692198b9dd9995527c18b794850be1a8",
                "sha256:5e34e4b5764af65551647f5cc67cf5198c1d05621781d5173b342e5e55bf023b",
                "sha256:63b120421ab85cad909792583f83b6ca3584610c2fe70751e23f606a3c2e87f0",
                "sha256:696b5e0109fe368d0057f484e2e91717b49a03f1e310f857f133a4acec9f91dd",
                "sha256:870ed021a42b1b02b5fe4a739ea735f671a84128c0a666c705db2cb9abd528eb",
                "sha256:916da1c19e4012d06a372127d7140dae894806fad67ef44330e5600d77833581",
                "sha256:9303a289fa0811e1c6abd9ddebfc770556d7c3311cb2b32eff72164ddc49bc64",
                "sha256:9577888ecc0ad7d06c3746afaba339c94d62b59da16f7a5d1cff9e491f23dace",
                "sha256:987e1c94a33c93d9b209315bfda9faa54b8edfce6438a1e93ae866ba20de5956",
                "sha256:99a3bbdbb844f4fb5d6dd59fac836a40749781c1fa63c563bc216c27aef63f60",
                "sha256:99db8dc3097ceafbcff9cb2bff384b974795edeb11d167d391a02c7bfeeb6e16",
                "sha256:a5a96cf49eb580756a44ecf12949e52f211e20bffbf5a95760ac14b1e499cd37",
                "sha256:aa6ca3eb56704cdc0d876fc6047ffd5ee960caad52452fbee0f99908a141a0ae",
                "sha256:aade5e66795c94e4a2b2624affeea8979648d1b0ae3fcee17e74e2c647fc4a8a",
                "sha256:b78905860336c1d292409e3df6ad39cc1f1c7f0964e66844bbc2ebfca434d073",
                "sha256:b92f521cdc4e4a3041cc343625b699f20b0b5f976793fb45681aac1efda565f8",
                "sha256:bfde84bbd6ae5f782206d454b67b7ee8f7f818c29b99fd02bf022fd33bab14cb",
                "sha256:c2b62d3df80e694c0e4a0ed47754c9480521e25642251b3ab1dff050a4e60409",
                "sha256:c5e2be6c263b64f6f7656e23e18a4a9980cffc671442795682e8c4e4f815dd9f",
                "sha256:c99aa3c63104e0818ec566f8ff3942fb7c7a8f35f9912cb63fd8e12318b214b2",
                "sha256:dae06620d3978da346375ebf88b9e2dd7d151335ba668c995aea9ed07af7add4",
                "sha256:db5499d0710823fa4fb88206050d46544e8f0e0136a9a5f5570b026584c8fd74",
                "sha256:f36baafd82119c4a114b9518202f2a983819101dcc14b26e43fc12cbefdce00e",
                "sha256:f52b79c8796d81391ab295b04e520bda6feed54d54931708872e8f9ae9db0ea1",
                "sha256:ff8cff01582fa1a7e533cb97f628531c4014af4b5f38e33cdcfe5eec29b6d888"
            ],
            "index": "pypi",
            "version": "==5.3.0"
        },
        "pluggy": {
            "hashes": [
                "sha256:447ba94990e8014ee25ec853339faf7b0fc8050cdc3289d4d71f7f410fb90095",
                "sha256:bde19360a8ec4dfd8a20dcb811780a30998101f078fc7ded6162f0076f50508f"
            ],
            "version": "==0.8.0"
        },
        "psutil": {
            "hashes": [
                "sha256:1c19957883e0b93d081d41687089ad630e370e26dc49fd9df6951d6c891c4736",
                "sha256:1c71b9716790e202a00ab0931a6d1e25db1aa1198bcacaea2f5329f75d257fff",
                "sha256:3b7a4daf4223dae171a67a89314ac5ca0738e94064a78d99cfd751c55d05f315",
                "sha256:3e19be3441134445347af3767fa7770137d472a484070840eee6653b94ac5576",
                "sha256:6e265c8f3da00b015d24b842bfeb111f856b13d24f2c57036582568dc650d6c3",
                "sha256:809c9cef0402e3e48b5a1dddc390a8a6ff58b15362ea5714494073fa46c3d293",
                "sha256:b4d1b735bf5b120813f4c89db8ac22d89162c558cbd7fdd298866125fe906219",
                "sha256:bbffac64cfd01c6bcf90eb1bedc6c80501c4dae8aef4ad6d6dd49f8f05f6fc5a",
                "sha256:bfcea4f189177b2d2ce4a34b03c4ac32c5b4c22e21f5b093d9d315e6e253cd81"
            ],
            "index": "pypi",
            "version": "==5.4.8"
        },
        "py": {
            "hashes": [
                "sha256:bf92637198836372b520efcba9e020c330123be8ce527e535d185ed4b6f45694",
                "sha256:e76826342cefe3c3d5f7e8ee4316b80d1dd8a300781612ddbc765c17ba25a6c6"
            ],
            "version": "==1.7.0"
        },
        "pycairo": {
            "hashes": [
                "sha256:abd42a4c9c2069febb4c38fe74bfc4b4a9d3a89fea3bc2e4ba7baff7a20f783f"
            ],
            "version": "==1.18.0"
        },
        "pygobject": {
            "hashes": [
                "sha256:5e642a76cfddd3e488a32bcdf7cef189e29226522be8726bc0e050dd53fa2d1c"
            ],
            "index": "pypi",
            "version": "==3.30.1"
        },
        "pytest": {
            "hashes": [
                "sha256:630ff1dbe04f469ee78faa5660f712e58b953da7df22ea5d828c9012e134da43",
                "sha256:a2b5232735dd0b736cbea9c0f09e5070d78fcaba2823a4f6f09d9a81bd19415c"
            ],
            "index": "pypi",
            "version": "==3.10.0"
        },
        "pyyaml": {
            "hashes": [
                "sha256:3d7da3009c0f3e783b2c873687652d83b1bbfd5c88e9813fb7e5b03c0dd3108b",
                "sha256:3ef3092145e9b70e3ddd2c7ad59bdd0252a94dfe3949721633e41344de00a6bf",
                "sha256:40c71b8e076d0550b2e6380bada1f1cd1017b882f7e16f09a65be98e017f211a",
                "sha256:558dd60b890ba8fd982e05941927a3911dc409a63dcb8b634feaa0cda69330d3",
                "sha256:a7c28b45d9f99102fa092bb213aa12e0aaf9a6a1f5e395d36166639c1f96c3a1",
                "sha256:aa7dd4a6a427aed7df6fb7f08a580d68d9b118d90310374716ae90b710280af1",
                "sha256:bc558586e6045763782014934bfaf39d48b8ae85a2713117d16c39864085c613",
                "sha256:d46d7982b62e0729ad0175a9bc7e10a566fc07b224d2c79fafb5e032727eaa04",
                "sha256:d5eef459e30b09f5a098b9cea68bebfeb268697f78d647bd255a085371ac7f3f",
                "sha256:e01d3203230e1786cd91ccfdc8f8454c8069c91bee3962ad93b87a4b2860f537",
                "sha256:e170a9e6fcfd19021dd29845af83bb79236068bf5fd4df3327c1be18182b2531"
            ],
            "index": "pypi",
            "version": "==3.13"
        },
        "ruamel.yaml": {
            "hashes": [
                "sha256:072dc57ca784e92ea4b862d9bba96fcd67eef690e9b900bdda98b94101d9574f",
                "sha256:092ca763a7ec607551a319f0c5bb8ba3a72d41fb717b842bf6712ec9fba7bdc0",
                "sha256:179514d1224742698b0ba0796e8a708f335a5ee236f045e3721477060af60212",
                "sha256:2f07aff162737b0de070cf985b9d83ad41b89f6643db8fa24a5dd6c0b15a5a7b",
                "sha256:325c566a83b01f2c2203ce1f560ed165e6bed9423db845c750a71591d019795e",
                "sha256:4a2d25b2f41e4de9bacc48047f30004fc81acd13a2fe933b0e4df4e3f7c53324",
                "sha256:50c60aca46a5cea8b78fe790414618d68919e15f3bc6b30eade8bea2e8346bb4",
                "sha256:55e549faac1cf8896ac3d22303d1a06d3eac3bec888a3a8ee8261427d5c018a1",
                "sha256:5c268be4b4c7cd5f29debaadf6eeec0babcd97a38b675771a289f095f491faeb",
                "sha256:6336809db65c16141af0ce74c5dd543921df7ade7309ca1b1d29cee09a732953",
                "sha256:6d8cc8ec8f7f5c3bc270834f8682bab2205f3416415cb3129713d429af74a3f0",
                "sha256:88acd9556c163b50f7bc9d745f9e5c797ae45d7472347c7292d2da03678f49e5",
                "sha256:8d917bcf5e759c5000d87540c866e443430c6b22340a996a8bc934a4f2e6cfc6",
                "sha256:90d6da3507df6eaf954053344069947b68657a2ae60858755088df601ae13315",
                "sha256:93b06f69de4651386d2f1a39fa44173017ac1f736bddde8293e51eb70a8505eb",
                "sha256:9dc2a9869f45ace93bb8ecc83a308498ecf9aabd4e54561280c33d29f1f3546d",
                "sha256:b53ba9d2fe0823b9f6e0159673f74317261e1cc3b8437785681938dd8ea18057",
                "sha256:bc818b96b08cd1b66bff34725bafe91d20a009acfda22c690d85ecdc061c4d8f",
                "sha256:c76a325efc566c8a7c92fb369fb20f4190c6e59d2b5fff77d016aa2d4dd875eb",
                "sha256:e9b03d591f6591aa4094628d4e41e1bea90c1fdee42dfcc18734a74c4c47bec8",
                "sha256:ed867438b72f0e9de6d57c557c1b28d5f7dce35836107695135d53b1a46825fe",
                "sha256:fc73c2e2c46e59d78d9e8be8a7e7252f8ff0e18ec7b7886b7a0f7797598f431a"
            ],
            "version": "==0.15.76"
        },
        "sanic": {
            "hashes": [
                "sha256:36aede00c7b82eb3755accca6e3a411e43d4b61e345a6f2b750daf1d14fefb00",
                "sha256:ba2d3c493a885fbdd5434856890875e6f44d61ffaf65d22681e9a3b1bcc55647"
            ],
            "index": "pypi",
            "version": "==0.8.3"
        },
        "six": {
            "hashes": [
                "sha256:70e8a77beed4562e7f14fe23a786b54f6296e34344c23bc42f07b15018ff98e9",
                "sha256:832dc0e10feb1aa2c68dcc57dbb658f1c7e65b9b61af69048abc87a2db00a0eb"
            ],
            "version": "==1.11.0"
        },
        "ujson": {
            "hashes": [
                "sha256:f66073e5506e91d204ab0c614a148d5aa938bdbf104751be66f8ad7a222f5f86"
            ],
            "markers": "sys_platform != 'win32' and implementation_name == 'cpython'",
            "version": "==1.35"
        },
        "uvloop": {
            "hashes": [
                "sha256:159331750bfce6f0f2bd227fd5e3ccb8db8d2bbe08e84b9db5b6c647f651f5c0",
                "sha256:1cf6c111a19f782813ca57fa51a993978f4686de5e3ab5746bcd57af1a3ae4f8",
                "sha256:48da0b548a341c1add4c7bc9dd453a9e9feb3b260c6055751fe6c209f957aeda",
                "sha256:6549c9384a0256c97628f7a000b647e9496f7f8b211736f2e0b6858a738006bd",
                "sha256:708654c8e445f92160fc9e5c93387ca73f38904632527e5d38eb13eaa4fd0a12",
                "sha256:8b53ed6d07b3aa8c8255d2f9fcaf7107cd4949c6892fa561472021ecec205764",
                "sha256:8f92c4ae4fcf497ca48e5d2f2032b1eabd48878b7a46b7748dfa8d607ef250b1",
                "sha256:951331edad369cb9c000085e31da6bbb8af8ab791a726f7b29a608ccd79a6b74",
                "sha256:ab435a1ba78931ca8694a58478a7449b481c8442789e3420f31a593794c1c481",
                "sha256:fd5042d0a2ea07b92d0e2190f7711feb91cde31cf2bf1829e2e8c4c0fdd1f1aa"
            ],
            "markers": "sys_platform != 'win32' and implementation_name == 'cpython'",
            "version": "==0.11.3"
        },
        "vext": {
            "hashes": [
                "sha256:722f6567aa09d2f0bd95926e5451627afdb4cec2d1ef1696f7f27ef644c8e384"
            ],
            "index": "pypi",
            "version": "==0.7.0"
        },
        "websockets": {
            "hashes": [
                "sha256:0b7b561bcbf992edd54e961b89551b5b6073415a0446fe445bd6554d41dabb95",
                "sha256:2469c98f2254878a49a6eda248d3ed8a89bbdca85cc316ff72ea15924cec9e1f",
                "sha256:29b676568e4fcb1a05064473b96243ef4e9391f251b4c485cf7f93507787b459",
                "sha256:2a05e42400de009c1c330167cd6d90b300d2364d2dd1e6539d01a6a22901967b",
                "sha256:39241fb291c1648e33dc41208be876a5771466291f0f6f7bff8f6732373084bd",
                "sha256:43c332fc331541c57d40c124089b270d668c25a6b04908bd688969375db7327f",
                "sha256:480259ec6e80f28859f23b5c231beb856fb96ab30e64ee621fdaf27da1515604",
                "sha256:9049ec652713f5132b512d3498c2d37264580714ccc95dbc0f7f9622c3f6da7e",
                "sha256:a17c45716178a42cc8f66f587507f01e169a75556749d88f714e4c1d295885d1",
                "sha256:a49d315db5a7a19d55422e1678e8a1c3b9661d7296bef3179fa620cf80b12674",
                "sha256:a911beb8149d7dae9d4c942927c448c05c41dfaa9c002a6bc26e269df932769b",
                "sha256:cf34479130704797ce28a478f0b5985abe71ea90999a1c956e15fe0b0b11d0dc",
                "sha256:d3724acff61ee1029fefc614cf005982338b033998a0b71fbb13a0a2fd99ab6f"
            ],
            "index": "pypi",
            "version": "==5.0.1"
        }
    },
    "develop": {}
}
